{
  "name": "minimalswctest",
  "version": "1.0.0",
  "lockfileVersion": 1,
  "requires": true,
  "dependencies": {
    "@apache-royale/royale-js": {
      "version": "0.9.2",
      "resolved": "https://registry.npmjs.org/@apache-royale/royale-js/-/royale-js-0.9.3.tgz",
      "integrity": "sha512-aNhFalRnUPZaG4+i4KNOxpaveJ+G75Pk1l3VAAflHe4vQqTFHxSTmPymmocUYT2Ty5qCXahGVgEqT2jaLLWssA=="
    },
    "asconfigc": {
      "version": "0.6.9",
      "resolved": "https://registry.npmjs.org/asconfigc/-/asconfigc-0.6.9.tgz",
      "integrity": "sha512-CffWl5w/Ek23KSA8PmZyfW1SYr9rQ5AXRuQVFqyWOmChPQTXaOB07AdNruUd4tEekOBxqTsL8WH1gQrP9o2x8A==",
      "dev": true,
      "requires": {
        "jsen": "0.6.6",
        "minimist": "1.2.0",
        "mkdirp": "0.5.1"
      }
    },
    "jsen": {
      "version": "0.6.6",
      "resolved": "https://registry.npmjs.org/jsen/-/jsen-0.6.6.tgz",
      "integrity": "sha1-AkDBjPETUKwCFFb0in6xO9Z+BCA=",
      "dev": true
    },
    "minimist": {
      "version": "1.2.0",
      "resolved": "https://registry.npmjs.org/minimist/-/minimist-1.2.0.tgz",
      "integrity": "sha1-o1AIsg9BOD7sH7kU9M1d95omQoQ=",
      "dev": true
    },
    "mkdirp": {
      "version": "0.5.1",
      "resolved": "https://registry.npmjs.org/mkdirp/-/mkdirp-0.5.1.tgz",
      "integrity": "sha1-MAV0OOrGz3+MR2fzhkjWaX11yQM=",
      "dev": true,
      "requires": {
        "minimist": "0.0.8"
      },
      "dependencies": {
        "minimist": {
          "version": "0.0.8",
          "resolved": "https://registry.npmjs.org/minimist/-/minimist-0.0.8.tgz",
          "integrity": "sha1-hX/Kv8M5fSYluCKCYuhqp6ARsF0=",
          "dev": true
        }
      }
    }
  }
}
